
Microsoft Visual Studio Solution File, Format Version 12.00
# Visual Studio 15
VisualStudioVersion = 15.0.28010.2003
MinimumVisualStudioVersion = 10.0.40219.1
Project("{FAE04EC0-301F-11D3-BF4B-00C04F79EFBC}") = "exercicio3_lista3", "exercicio3_lista3\exercicio3_lista3.csproj", "{55872434-B272-4A9F-8BBA-4DC34E1A04AF}"
EndProject
Global
	GlobalSection(SolutionConfigurationPlatforms) = preSolution
		Debug|Any CPU = Debug|Any CPU
		Release|Any CPU = Release|Any CPU
	EndGlobalSection
	GlobalSection(ProjectConfigurationPlatforms) = postSolution
		{55872434-B272-4A9F-8BBA-4DC34E1A04AF}.Debug|Any CPU.ActiveCfg = Debug|Any CPU
		{55872434-B272-4A9F-8BBA-4DC34E1A04AF}.Debug|Any CPU.Build.0 = Debug|Any CPU
		{55872434-B272-4A9F-8BBA-4DC34E1A04AF}.Release|Any CPU.ActiveCfg = Release|Any CPU
		{55872434-B272-4A9F-8BBA-4DC34E1A04AF}.Release|Any CPU.Build.0 = Release|Any CPU
	EndGlobalSection
	GlobalSection(SolutionProperties) = preSolution
		HideSolutionNode = FALSE
	EndGlobalSection
	GlobalSection(ExtensibilityGlobals) = postSolution
		SolutionGuid = {597F5EE5-2A32-43D5-A1B6-7DA79ED4E2B1}
	EndGlobalSection
EndGlobal
